
Microsoft Visual Studio Solution File, Format Version 12.00
# Visual Studio Version 16
VisualStudioVersion = 16.0.28803.452
MinimumVisualStudioVersion = 10.0.40219.1
Project("{FAE04EC0-301F-11D3-BF4B-00C04F79EFBC}") = "MMY.StickyNote.UI", "MMY.StickyNote.UI\MMY.StickyNote.UI.csproj", "{18CA3332-D57B-4D65-B5F6-DA6ACEC40FE7}"
EndProject
Project("{9A19103F-16F7-4668-BE54-9A1E7A4F7556}") = "MMY.StickyNote.DAL", "MMY.StickyNote.DAL\MMY.StickyNote.DAL.csproj", "{C2FF5C62-04BD-463A-AA61-226CC9B02FF0}"
EndProject
Project("{9A19103F-16F7-4668-BE54-9A1E7A4F7556}") = "MMY.StickyNote.BLL", "MMY.StickyNote.BLL\MMY.StickyNote.BLL.csproj", "{21C4B0F3-94A2-4C8D-9AF5-0B44513ECEDB}"
EndProject
Project("{9A19103F-16F7-4668-BE54-9A1E7A4F7556}") = "MMY.StickyNote.MODEL", "MMY.StickyNote.MODEL\MMY.StickyNote.MODEL.csproj", "{61DCFFB5-0CCE-42C3-8DAB-B8479576E3D6}"
EndProject
Project("{9A19103F-16F7-4668-BE54-9A1E7A4F7556}") = "MMY.StickyNote.COMMON", "MMY.StickyNote.COMMON\MMY.StickyNote.COMMON.csproj", "{97011B1E-77D7-44F7-B509-6A149E309B54}"
EndProject
Project("{FAE04EC0-301F-11D3-BF4B-00C04F79EFBC}") = "Test", "Test\Test.csproj", "{03293016-223B-4389-93F4-30D67A62BF42}"
EndProject
Project("{54435603-DBB4-11D2-8724-00A0C9A8B90C}") = "StickyNoteSetup", "StickyNoteSetip\StickyNoteSetip.vdproj", "{501152A1-0E66-41D6-AE12-70C6306FDCA0}"
EndProject
Global
	GlobalSection(SolutionConfigurationPlatforms) = preSolution
		Debug|Any CPU = Debug|Any CPU
		Debug|ARM = Debug|ARM
		Debug|ARM64 = Debug|ARM64
		Debug|x64 = Debug|x64
		Debug|x86 = Debug|x86
		Release|Any CPU = Release|Any CPU
		Release|ARM = Release|ARM
		Release|ARM64 = Release|ARM64
		Release|x64 = Release|x64
		Release|x86 = Release|x86
	EndGlobalSection
	GlobalSection(ProjectConfigurationPlatforms) = postSolution
		{18CA3332-D57B-4D65-B5F6-DA6ACEC40FE7}.Debug|Any CPU.ActiveCfg = Debug|Any CPU
		{18CA3332-D57B-4D65-B5F6-DA6ACEC40FE7}.Debug|Any CPU.Build.0 = Debug|Any CPU
		{18CA3332-D57B-4D65-B5F6-DA6ACEC40FE7}.Debug|ARM.ActiveCfg = Debug|Any CPU
		{18CA3332-D57B-4D65-B5F6-DA6ACEC40FE7}.Debug|ARM.Build.0 = Debug|Any CPU
		{18CA3332-D57B-4D65-B5F6-DA6ACEC40FE7}.Debug|ARM64.ActiveCfg = Debug|Any CPU
		{18CA3332-D57B-4D65-B5F6-DA6ACEC40FE7}.Debug|ARM64.Build.0 = Debug|Any CPU
		{18CA3332-D57B-4D65-B5F6-DA6ACEC40FE7}.Debug|x64.ActiveCfg = Debug|Any CPU
		{18CA3332-D57B-4D65-B5F6-DA6ACEC40FE7}.Debug|x64.Build.0 = Debug|Any CPU
		{18CA3332-D57B-4D65-B5F6-DA6ACEC40FE7}.Debug|x86.ActiveCfg = Debug|Any CPU
		{18CA3332-D57B-4D65-B5F6-DA6ACEC40FE7}.Debug|x86.Build.0 = Debug|Any CPU
		{18CA3332-D57B-4D65-B5F6-DA6ACEC40FE7}.Release|Any CPU.ActiveCfg = Release|Any CPU
		{18CA3332-D57B-4D65-B5F6-DA6ACEC40FE7}.Release|Any CPU.Build.0 = Release|Any CPU
		{18CA3332-D57B-4D65-B5F6-DA6ACEC40FE7}.Release|ARM.ActiveCfg = Release|Any CPU
		{18CA3332-D57B-4D65-B5F6-DA6ACEC40FE7}.Release|ARM.Build.0 = Release|Any CPU
		{18CA3332-D57B-4D65-B5F6-DA6ACEC40FE7}.Release|ARM64.ActiveCfg = Release|Any CPU
		{18CA3332-D57B-4D65-B5F6-DA6ACEC40FE7}.Release|ARM64.Build.0 = Release|Any CPU
		{18CA3332-D57B-4D65-B5F6-DA6ACEC40FE7}.Release|x64.ActiveCfg = Release|Any CPU
		{18CA3332-D57B-4D65-B5F6-DA6ACEC40FE7}.Release|x64.Build.0 = Release|Any CPU
		{18CA3332-D57B-4D65-B5F6-DA6ACEC40FE7}.Release|x86.ActiveCfg = Release|Any CPU
		{18CA3332-D57B-4D65-B5F6-DA6ACEC40FE7}.Release|x86.Build.0 = Release|Any CPU
		{C2FF5C62-04BD-463A-AA61-226CC9B02FF0}.Debug|Any CPU.ActiveCfg = Debug|Any CPU
		{C2FF5C62-04BD-463A-AA61-226CC9B02FF0}.Debug|Any CPU.Build.0 = Debug|Any CPU
		{C2FF5C62-04BD-463A-AA61-226CC9B02FF0}.Debug|ARM.ActiveCfg = Debug|Any CPU
		{C2FF5C62-04BD-463A-AA61-226CC9B02FF0}.Debug|ARM.Build.0 = Debug|Any CPU
		{C2FF5C62-04BD-463A-AA61-226CC9B02FF0}.Debug|ARM64.ActiveCfg = Debug|Any CPU
		{C2FF5C62-04BD-463A-AA61-226CC9B02FF0}.Debug|ARM64.Build.0 = Debug|Any CPU
		{C2FF5C62-04BD-463A-AA61-226CC9B02FF0}.Debug|x64.ActiveCfg = Debug|Any CPU
		{C2FF5C62-04BD-463A-AA61-226CC9B02FF0}.Debug|x64.Build.0 = Debug|Any CPU
		{C2FF5C62-04BD-463A-AA61-226CC9B02FF0}.Debug|x86.ActiveCfg = Debug|Any CPU
		{C2FF5C62-04BD-463A-AA61-226CC9B02FF0}.Debug|x86.Build.0 = Debug|Any CPU
		{C2FF5C62-04BD-463A-AA61-226CC9B02FF0}.Release|Any CPU.ActiveCfg = Release|Any CPU
		{C2FF5C62-04BD-463A-AA61-226CC9B02FF0}.Release|Any CPU.Build.0 = Release|Any CPU
		{C2FF5C62-04BD-463A-AA61-226CC9B02FF0}.Release|ARM.ActiveCfg = Release|Any CPU
		{C2FF5C62-04BD-463A-AA61-226CC9B02FF0}.Release|ARM.Build.0 = Release|Any CPU
		{C2FF5C62-04BD-463A-AA61-226CC9B02FF0}.Release|ARM64.ActiveCfg = Release|Any CPU
		{C2FF5C62-04BD-463A-AA61-226CC9B02FF0}.Release|ARM64.Build.0 = Release|Any CPU
		{C2FF5C62-04BD-463A-AA61-226CC9B02FF0}.Release|x64.ActiveCfg = Release|Any CPU
		{C2FF5C62-04BD-463A-AA61-226CC9B02FF0}.Release|x64.Build.0 = Release|Any CPU
		{C2FF5C62-04BD-463A-AA61-226CC9B02FF0}.Release|x86.ActiveCfg = Release|Any CPU
		{C2FF5C62-04BD-463A-AA61-226CC9B02FF0}.Release|x86.Build.0 = Release|Any CPU
		{21C4B0F3-94A2-4C8D-9AF5-0B44513ECEDB}.Debug|Any CPU.ActiveCfg = Debug|Any CPU
		{21C4B0F3-94A2-4C8D-9AF5-0B44513ECEDB}.Debug|Any CPU.Build.0 = Debug|Any CPU
		{21C4B0F3-94A2-4C8D-9AF5-0B44513ECEDB}.Debug|ARM.ActiveCfg = Debug|Any CPU
		{21C4B0F3-94A2-4C8D-9AF5-0B44513ECEDB}.Debug|ARM.Build.0 = Debug|Any CPU
		{21C4B0F3-94A2-4C8D-9AF5-0B44513ECEDB}.Debug|ARM64.ActiveCfg = Debug|Any CPU
		{21C4B0F3-94A2-4C8D-9AF5-0B44513ECEDB}.Debug|ARM64.Build.0 = Debug|Any CPU
		{21C4B0F3-94A2-4C8D-9AF5-0B44513ECEDB}.Debug|x64.ActiveCfg = Debug|Any CPU
		{21C4B0F3-94A2-4C8D-9AF5-0B44513ECEDB}.Debug|x64.Build.0 = Debug|Any CPU
		{21C4B0F3-94A2-4C8D-9AF5-0B44513ECEDB}.Debug|x86.ActiveCfg = Debug|Any CPU
		{21C4B0F3-94A2-4C8D-9AF5-0B44513ECEDB}.Debug|x86.Build.0 = Debug|Any CPU
		{21C4B0F3-94A2-4C8D-9AF5-0B44513ECEDB}.Release|Any CPU.ActiveCfg = Release|Any CPU
		{21C4B0F3-94A2-4C8D-9AF5-0B44513ECEDB}.Release|Any CPU.Build.0 = Release|Any CPU
		{21C4B0F3-94A2-4C8D-9AF5-0B44513ECEDB}.Release|ARM.ActiveCfg = Release|Any CPU
		{21C4B0F3-94A2-4C8D-9AF5-0B44513ECEDB}.Release|ARM.Build.0 = Release|Any CPU
		{21C4B0F3-94A2-4C8D-9AF5-0B44513ECEDB}.Release|ARM64.ActiveCfg = Release|Any CPU
		{21C4B0F3-94A2-4C8D-9AF5-0B44513ECEDB}.Release|ARM64.Build.0 = Release|Any CPU
		{21C4B0F3-94A2-4C8D-9AF5-0B44513ECEDB}.Release|x64.ActiveCfg = Release|Any CPU
		{21C4B0F3-94A2-4C8D-9AF5-0B44513ECEDB}.Release|x64.Build.0 = Release|Any CPU
		{21C4B0F3-94A2-4C8D-9AF5-0B44513ECEDB}.Release|x86.ActiveCfg = Release|Any CPU
		{21C4B0F3-94A2-4C8D-9AF5-0B44513ECEDB}.Release|x86.Build.0 = Release|Any CPU
		{61DCFFB5-0CCE-42C3-8DAB-B8479576E3D6}.Debug|Any CPU.ActiveCfg = Debug|Any CPU
		{61DCFFB5-0CCE-42C3-8DAB-B8479576E3D6}.Debug|Any CPU.Build.0 = Debug|Any CPU
		{61DCFFB5-0CCE-42C3-8DAB-B8479576E3D6}.Debug|ARM.ActiveCfg = Debug|Any CPU
		{61DCFFB5-0CCE-42C3-8DAB-B8479576E3D6}.Debug|ARM.Build.0 = Debug|Any CPU
		{61DCFFB5-0CCE-42C3-8DAB-B8479576E3D6}.Debug|ARM64.ActiveCfg = Debug|Any CPU
		{61DCFFB5-0CCE-42C3-8DAB-B8479576E3D6}.Debug|ARM64.Build.0 = Debug|Any CPU
		{61DCFFB5-0CCE-42C3-8DAB-B8479576E3D6}.Debug|x64.ActiveCfg = Debug|Any CPU
		{61DCFFB5-0CCE-42C3-8DAB-B8479576E3D6}.Debug|x64.Build.0 = Debug|Any CPU
		{61DCFFB5-0CCE-42C3-8DAB-B8479576E3D6}.Debug|x86.ActiveCfg = Debug|Any CPU
		{61DCFFB5-0CCE-42C3-8DAB-B8479576E3D6}.Debug|x86.Build.0 = Debug|Any CPU
		{61DCFFB5-0CCE-42C3-8DAB-B8479576E3D6}.Release|Any CPU.ActiveCfg = Release|Any CPU
		{61DCFFB5-0CCE-42C3-8DAB-B8479576E3D6}.Release|Any CPU.Build.0 = Release|Any CPU
		{61DCFFB5-0CCE-42C3-8DAB-B8479576E3D6}.Release|ARM.ActiveCfg = Release|Any CPU
		{61DCFFB5-0CCE-42C3-8DAB-B8479576E3D6}.Release|ARM.Build.0 = Release|Any CPU
		{61DCFFB5-0CCE-42C3-8DAB-B8479576E3D6}.Release|ARM64.ActiveCfg = Release|Any CPU
		{61DCFFB5-0CCE-42C3-8DAB-B8479576E3D6}.Release|ARM64.Build.0 = Release|Any CPU
		{61DCFFB5-0CCE-42C3-8DAB-B8479576E3D6}.Release|x64.ActiveCfg = Release|Any CPU
		{61DCFFB5-0CCE-42C3-8DAB-B8479576E3D6}.Release|x64.Build.0 = Release|Any CPU
		{61DCFFB5-0CCE-42C3-8DAB-B8479576E3D6}.Release|x86.ActiveCfg = Release|Any CPU
		{61DCFFB5-0CCE-42C3-8DAB-B8479576E3D6}.Release|x86.Build.0 = Release|Any CPU
		{97011B1E-77D7-44F7-B509-6A149E309B54}.Debug|Any CPU.ActiveCfg = Debug|Any CPU
		{97011B1E-77D7-44F7-B509-6A149E309B54}.Debug|Any CPU.Build.0 = Debug|Any CPU
		{97011B1E-77D7-44F7-B509-6A149E309B54}.Debug|ARM.ActiveCfg = Debug|Any CPU
		{97011B1E-77D7-44F7-B509-6A149E309B54}.Debug|ARM.Build.0 = Debug|Any CPU
		{97011B1E-77D7-44F7-B509-6A149E309B54}.Debug|ARM64.ActiveCfg = Debug|Any CPU
		{97011B1E-77D7-44F7-B509-6A149E309B54}.Debug|ARM64.Build.0 = Debug|Any CPU
		{97011B1E-77D7-44F7-B509-6A149E309B54}.Debug|x64.ActiveCfg = Debug|Any CPU
		{97011B1E-77D7-44F7-B509-6A149E309B54}.Debug|x64.Build.0 = Debug|Any CPU
		{97011B1E-77D7-44F7-B509-6A149E309B54}.Debug|x86.ActiveCfg = Debug|Any CPU
		{97011B1E-77D7-44F7-B509-6A149E309B54}.Debug|x86.Build.0 = Debug|Any CPU
		{97011B1E-77D7-44F7-B509-6A149E309B54}.Release|Any CPU.ActiveCfg = Release|Any CPU
		{97011B1E-77D7-44F7-B509-6A149E309B54}.Release|Any CPU.Build.0 = Release|Any CPU
		{97011B1E-77D7-44F7-B509-6A149E309B54}.Release|ARM.ActiveCfg = Release|Any CPU
		{97011B1E-77D7-44F7-B509-6A149E309B54}.Release|ARM.Build.0 = Release|Any CPU
		{97011B1E-77D7-44F7-B509-6A149E309B54}.Release|ARM64.ActiveCfg = Release|Any CPU
		{97011B1E-77D7-44F7-B509-6A149E309B54}.Release|ARM64.Build.0 = Release|Any CPU
		{97011B1E-77D7-44F7-B509-6A149E309B54}.Release|x64.ActiveCfg = Release|Any CPU
		{97011B1E-77D7-44F7-B509-6A149E309B54}.Release|x64.Build.0 = Release|Any CPU
		{97011B1E-77D7-44F7-B509-6A149E309B54}.Release|x86.ActiveCfg = Release|Any CPU
		{97011B1E-77D7-44F7-B509-6A149E309B54}.Release|x86.Build.0 = Release|Any CPU
		{03293016-223B-4389-93F4-30D67A62BF42}.Debug|Any CPU.ActiveCfg = Debug|Any CPU
		{03293016-223B-4389-93F4-30D67A62BF42}.Debug|Any CPU.Build.0 = Debug|Any CPU
		{03293016-223B-4389-93F4-30D67A62BF42}.Debug|ARM.ActiveCfg = Debug|Any CPU
		{03293016-223B-4389-93F4-30D67A62BF42}.Debug|ARM.Build.0 = Debug|Any CPU
		{03293016-223B-4389-93F4-30D67A62BF42}.Debug|ARM64.ActiveCfg = Debug|Any CPU
		{03293016-223B-4389-93F4-30D67A62BF42}.Debug|ARM64.Build.0 = Debug|Any CPU
		{03293016-223B-4389-93F4-30D67A62BF42}.Debug|x64.ActiveCfg = Debug|Any CPU
		{03293016-223B-4389-93F4-30D67A62BF42}.Debug|x64.Build.0 = Debug|Any CPU
		{03293016-223B-4389-93F4-30D67A62BF42}.Debug|x86.ActiveCfg = Debug|Any CPU
		{03293016-223B-4389-93F4-30D67A62BF42}.Debug|x86.Build.0 = Debug|Any CPU
		{03293016-223B-4389-93F4-30D67A62BF42}.Release|Any CPU.ActiveCfg = Release|Any CPU
		{03293016-223B-4389-93F4-30D67A62BF42}.Release|Any CPU.Build.0 = Release|Any CPU
		{03293016-223B-4389-93F4-30D67A62BF42}.Release|ARM.ActiveCfg = Release|Any CPU
		{03293016-223B-4389-93F4-30D67A62BF42}.Release|ARM.Build.0 = Release|Any CPU
		{03293016-223B-4389-93F4-30D67A62BF42}.Release|ARM64.ActiveCfg = Release|Any CPU
		{03293016-223B-4389-93F4-30D67A62BF42}.Release|ARM64.Build.0 = Release|Any CPU
		{03293016-223B-4389-93F4-30D67A62BF42}.Release|x64.ActiveCfg = Release|Any CPU
		{03293016-223B-4389-93F4-30D67A62BF42}.Release|x64.Build.0 = Release|Any CPU
		{03293016-223B-4389-93F4-30D67A62BF42}.Release|x86.ActiveCfg = Release|Any CPU
		{03293016-223B-4389-93F4-30D67A62BF42}.Release|x86.Build.0 = Release|Any CPU
		{501152A1-0E66-41D6-AE12-70C6306FDCA0}.Debug|Any CPU.ActiveCfg = Debug
		{501152A1-0E66-41D6-AE12-70C6306FDCA0}.Debug|ARM.ActiveCfg = Debug
		{501152A1-0E66-41D6-AE12-70C6306FDCA0}.Debug|ARM64.ActiveCfg = Debug
		{501152A1-0E66-41D6-AE12-70C6306FDCA0}.Debug|x64.ActiveCfg = Debug
		{501152A1-0E66-41D6-AE12-70C6306FDCA0}.Debug|x86.ActiveCfg = Debug
		{501152A1-0E66-41D6-AE12-70C6306FDCA0}.Release|Any CPU.ActiveCfg = Release
		{501152A1-0E66-41D6-AE12-70C6306FDCA0}.Release|ARM.ActiveCfg = Release
		{501152A1-0E66-41D6-AE12-70C6306FDCA0}.Release|ARM64.ActiveCfg = Release
		{501152A1-0E66-41D6-AE12-70C6306FDCA0}.Release|x64.ActiveCfg = Release
		{501152A1-0E66-41D6-AE12-70C6306FDCA0}.Release|x86.ActiveCfg = Release
	EndGlobalSection
	GlobalSection(SolutionProperties) = preSolution
		HideSolutionNode = FALSE
	EndGlobalSection
	GlobalSection(ExtensibilityGlobals) = postSolution
		SolutionGuid = {15CBC4C2-FEAB-461A-A270-192F46E5435C}
	EndGlobalSection
EndGlobal
